
Microsoft Visual Studio Solution File, Format Version 12.00
# Visual Studio Version 16
VisualStudioVersion = 16.0.31702.278
MinimumVisualStudioVersion = 10.0.40219.1
Project("{FAE04EC0-301F-11D3-BF4B-00C04F79EFBC}") = "Kata", "Kata.csproj", "{00B48D1D-6575-4A69-A2CE-D6F97BFB9A40}"
EndProject
Global
	GlobalSection(SolutionConfigurationPlatforms) = preSolution
		Debug|Any CPU = Debug|Any CPU
		Release|Any CPU = Release|Any CPU
	EndGlobalSection
	GlobalSection(ProjectConfigurationPlatforms) = postSolution
		{00B48D1D-6575-4A69-A2CE-D6F97BFB9A40}.Debug|Any CPU.ActiveCfg = Debug|Any CPU
		{00B48D1D-6575-4A69-A2CE-D6F97BFB9A40}.Debug|Any CPU.Build.0 = Debug|Any CPU
		{00B48D1D-6575-4A69-A2CE-D6F97BFB9A40}.Release|Any CPU.ActiveCfg = Release|Any CPU
		{00B48D1D-6575-4A69-A2CE-D6F97BFB9A40}.Release|Any CPU.Build.0 = Release|Any CPU
	EndGlobalSection
	GlobalSection(SolutionProperties) = preSolution
		HideSolutionNode = FALSE
	EndGlobalSection
	GlobalSection(ExtensibilityGlobals) = postSolution
		SolutionGuid = {41595BD2-D8EA-4712-845A-563EC068557B}
	EndGlobalSection
EndGlobal
