
Microsoft Visual Studio Solution File, Format Version 12.00
# Visual Studio Version 16
VisualStudioVersion = 16.0.31410.357
MinimumVisualStudioVersion = 10.0.40219.1
Project("{9A19103F-16F7-4668-BE54-9A1E7A4F7556}") = "Library", "LIBRARY_WA\Library.csproj", "{78C86CE1-C209-4DCB-91F7-669B94FD8CE5}"
EndProject
Global
	GlobalSection(SolutionConfigurationPlatforms) = preSolution
		Debug|Any CPU = Debug|Any CPU
		Release|Any CPU = Release|Any CPU
	EndGlobalSection
	GlobalSection(ProjectConfigurationPlatforms) = postSolution
		{78C86CE1-C209-4DCB-91F7-669B94FD8CE5}.Debug|Any CPU.ActiveCfg = Debug|Any CPU
		{78C86CE1-C209-4DCB-91F7-669B94FD8CE5}.Debug|Any CPU.Build.0 = Debug|Any CPU
		{78C86CE1-C209-4DCB-91F7-669B94FD8CE5}.Release|Any CPU.ActiveCfg = Release|Any CPU
		{78C86CE1-C209-4DCB-91F7-669B94FD8CE5}.Release|Any CPU.Build.0 = Release|Any CPU
	EndGlobalSection
	GlobalSection(SolutionProperties) = preSolution
		HideSolutionNode = FALSE
	EndGlobalSection
	GlobalSection(ExtensibilityGlobals) = postSolution
		SolutionGuid = {DCD6A5DC-EA23-4960-AD2D-236E8F092A40}
	EndGlobalSection
EndGlobal
